
Microsoft Visual Studio Solution File, Format Version 12.00
# Visual Studio Version 17
VisualStudioVersion = 17.13.35825.156
MinimumVisualStudioVersion = 10.0.40219.1
Project("{FAE04EC0-301F-11D3-BF4B-00C04F79EFBC}") = "Atividade01", "Atividade01\Atividade01.csproj", "{6EECF683-C7B8-4362-8A3E-557097556A2A}"
EndProject
Project("{FAE04EC0-301F-11D3-BF4B-00C04F79EFBC}") = "Atividade02", "Atividade02\Atividade02.csproj", "{1D109FAF-D9FE-4C2D-A16A-E81798819AC4}"
EndProject
Project("{FAE04EC0-301F-11D3-BF4B-00C04F79EFBC}") = "Atividade03", "Atividade03\Atividade03.csproj", "{CDA84B2A-6341-4697-AF5C-B90FE311278A}"
EndProject
Project("{FAE04EC0-301F-11D3-BF4B-00C04F79EFBC}") = "Atividade05", "Atividade05\Atividade05.csproj", "{4903CDDE-1B9D-49D8-87C4-09090D2DAEC7}"
EndProject
Project("{FAE04EC0-301F-11D3-BF4B-00C04F79EFBC}") = "Atividade04", "Atividade04\Atividade04.csproj", "{22DA0CF4-9D83-42A1-9461-AD356C4C63D6}"
EndProject
Global
	GlobalSection(SolutionConfigurationPlatforms) = preSolution
		Debug|Any CPU = Debug|Any CPU
		Release|Any CPU = Release|Any CPU
	EndGlobalSection
	GlobalSection(ProjectConfigurationPlatforms) = postSolution
		{6EECF683-C7B8-4362-8A3E-557097556A2A}.Debug|Any CPU.ActiveCfg = Debug|Any CPU
		{6EECF683-C7B8-4362-8A3E-557097556A2A}.Debug|Any CPU.Build.0 = Debug|Any CPU
		{6EECF683-C7B8-4362-8A3E-557097556A2A}.Release|Any CPU.ActiveCfg = Release|Any CPU
		{6EECF683-C7B8-4362-8A3E-557097556A2A}.Release|Any CPU.Build.0 = Release|Any CPU
		{1D109FAF-D9FE-4C2D-A16A-E81798819AC4}.Debug|Any CPU.ActiveCfg = Debug|Any CPU
		{1D109FAF-D9FE-4C2D-A16A-E81798819AC4}.Debug|Any CPU.Build.0 = Debug|Any CPU
		{1D109FAF-D9FE-4C2D-A16A-E81798819AC4}.Release|Any CPU.ActiveCfg = Release|Any CPU
		{1D109FAF-D9FE-4C2D-A16A-E81798819AC4}.Release|Any CPU.Build.0 = Release|Any CPU
		{CDA84B2A-6341-4697-AF5C-B90FE311278A}.Debug|Any CPU.ActiveCfg = Debug|Any CPU
		{CDA84B2A-6341-4697-AF5C-B90FE311278A}.Debug|Any CPU.Build.0 = Debug|Any CPU
		{CDA84B2A-6341-4697-AF5C-B90FE311278A}.Release|Any CPU.ActiveCfg = Release|Any CPU
		{CDA84B2A-6341-4697-AF5C-B90FE311278A}.Release|Any CPU.Build.0 = Release|Any CPU
		{4903CDDE-1B9D-49D8-87C4-09090D2DAEC7}.Debug|Any CPU.ActiveCfg = Debug|Any CPU
		{4903CDDE-1B9D-49D8-87C4-09090D2DAEC7}.Debug|Any CPU.Build.0 = Debug|Any CPU
		{4903CDDE-1B9D-49D8-87C4-09090D2DAEC7}.Release|Any CPU.ActiveCfg = Release|Any CPU
		{4903CDDE-1B9D-49D8-87C4-09090D2DAEC7}.Release|Any CPU.Build.0 = Release|Any CPU
		{22DA0CF4-9D83-42A1-9461-AD356C4C63D6}.Debug|Any CPU.ActiveCfg = Debug|Any CPU
		{22DA0CF4-9D83-42A1-9461-AD356C4C63D6}.Debug|Any CPU.Build.0 = Debug|Any CPU
		{22DA0CF4-9D83-42A1-9461-AD356C4C63D6}.Release|Any CPU.ActiveCfg = Release|Any CPU
		{22DA0CF4-9D83-42A1-9461-AD356C4C63D6}.Release|Any CPU.Build.0 = Release|Any CPU
	EndGlobalSection
	GlobalSection(SolutionProperties) = preSolution
		HideSolutionNode = FALSE
	EndGlobalSection
	GlobalSection(ExtensibilityGlobals) = postSolution
		SolutionGuid = {5DE31E2D-5E84-4C36-BD6A-239AF4AF11D1}
	EndGlobalSection
EndGlobal
